
Microsoft Visual Studio Solution File, Format Version 12.00
# Visual Studio 15
Project("{FAE04EC0-301F-11D3-BF4B-00C04F79EFBC}") = "Task3_BootcampRefactory", "Task3_BootcampRefactory\Task3_BootcampRefactory.csproj", "{A61A92F2-EED8-4F78-8A3B-B85926FCBE0A}"
EndProject
Global
	GlobalSection(SolutionConfigurationPlatforms) = preSolution
		Debug|Any CPU = Debug|Any CPU
		Release|Any CPU = Release|Any CPU
	EndGlobalSection
	GlobalSection(ProjectConfigurationPlatforms) = postSolution
		{A61A92F2-EED8-4F78-8A3B-B85926FCBE0A}.Debug|Any CPU.ActiveCfg = Debug|Any CPU
		{A61A92F2-EED8-4F78-8A3B-B85926FCBE0A}.Debug|Any CPU.Build.0 = Debug|Any CPU
		{A61A92F2-EED8-4F78-8A3B-B85926FCBE0A}.Release|Any CPU.ActiveCfg = Release|Any CPU
		{A61A92F2-EED8-4F78-8A3B-B85926FCBE0A}.Release|Any CPU.Build.0 = Release|Any CPU
	EndGlobalSection
EndGlobal
